
Microsoft Visual Studio Solution File, Format Version 12.00
# Visual Studio Version 16
VisualStudioVersion = 16.6.30114.105
MinimumVisualStudioVersion = 10.0.40219.1
Project("{FAE04EC0-301F-11D3-BF4B-00C04F79EFBC}") = "src", "src\src.csproj", "{4B4AF8EF-9371-4DF9-ACCF-F7B70FC61E4C}"
EndProject
Project("{FAE04EC0-301F-11D3-BF4B-00C04F79EFBC}") = "test", "test\test.csproj", "{60FF8B7A-1DB1-4F45-BD02-FE503CA3E839}"
EndProject
Project("{FAE04EC0-301F-11D3-BF4B-00C04F79EFBC}") = "mvc", "mvc\mvc.csproj", "{19724A9D-56AD-4CEF-82B7-5CA4091390B5}"
EndProject
Global
	GlobalSection(SolutionConfigurationPlatforms) = preSolution
		Debug|Any CPU = Debug|Any CPU
		Debug|x64 = Debug|x64
		Debug|x86 = Debug|x86
		Release|Any CPU = Release|Any CPU
		Release|x64 = Release|x64
		Release|x86 = Release|x86
	EndGlobalSection
	GlobalSection(SolutionProperties) = preSolution
		HideSolutionNode = FALSE
	EndGlobalSection
	GlobalSection(ProjectConfigurationPlatforms) = postSolution
		{4B4AF8EF-9371-4DF9-ACCF-F7B70FC61E4C}.Debug|Any CPU.ActiveCfg = Debug|Any CPU
		{4B4AF8EF-9371-4DF9-ACCF-F7B70FC61E4C}.Debug|Any CPU.Build.0 = Debug|Any CPU
		{4B4AF8EF-9371-4DF9-ACCF-F7B70FC61E4C}.Debug|x64.ActiveCfg = Debug|Any CPU
		{4B4AF8EF-9371-4DF9-ACCF-F7B70FC61E4C}.Debug|x64.Build.0 = Debug|Any CPU
		{4B4AF8EF-9371-4DF9-ACCF-F7B70FC61E4C}.Debug|x86.ActiveCfg = Debug|Any CPU
		{4B4AF8EF-9371-4DF9-ACCF-F7B70FC61E4C}.Debug|x86.Build.0 = Debug|Any CPU
		{4B4AF8EF-9371-4DF9-ACCF-F7B70FC61E4C}.Release|Any CPU.ActiveCfg = Release|Any CPU
		{4B4AF8EF-9371-4DF9-ACCF-F7B70FC61E4C}.Release|Any CPU.Build.0 = Release|Any CPU
		{4B4AF8EF-9371-4DF9-ACCF-F7B70FC61E4C}.Release|x64.ActiveCfg = Release|Any CPU
		{4B4AF8EF-9371-4DF9-ACCF-F7B70FC61E4C}.Release|x64.Build.0 = Release|Any CPU
		{4B4AF8EF-9371-4DF9-ACCF-F7B70FC61E4C}.Release|x86.ActiveCfg = Release|Any CPU
		{4B4AF8EF-9371-4DF9-ACCF-F7B70FC61E4C}.Release|x86.Build.0 = Release|Any CPU
		{60FF8B7A-1DB1-4F45-BD02-FE503CA3E839}.Debug|Any CPU.ActiveCfg = Debug|Any CPU
		{60FF8B7A-1DB1-4F45-BD02-FE503CA3E839}.Debug|Any CPU.Build.0 = Debug|Any CPU
		{60FF8B7A-1DB1-4F45-BD02-FE503CA3E839}.Debug|x64.ActiveCfg = Debug|Any CPU
		{60FF8B7A-1DB1-4F45-BD02-FE503CA3E839}.Debug|x64.Build.0 = Debug|Any CPU
		{60FF8B7A-1DB1-4F45-BD02-FE503CA3E839}.Debug|x86.ActiveCfg = Debug|Any CPU
		{60FF8B7A-1DB1-4F45-BD02-FE503CA3E839}.Debug|x86.Build.0 = Debug|Any CPU
		{60FF8B7A-1DB1-4F45-BD02-FE503CA3E839}.Release|Any CPU.ActiveCfg = Release|Any CPU
		{60FF8B7A-1DB1-4F45-BD02-FE503CA3E839}.Release|Any CPU.Build.0 = Release|Any CPU
		{60FF8B7A-1DB1-4F45-BD02-FE503CA3E839}.Release|x64.ActiveCfg = Release|Any CPU
		{60FF8B7A-1DB1-4F45-BD02-FE503CA3E839}.Release|x64.Build.0 = Release|Any CPU
		{60FF8B7A-1DB1-4F45-BD02-FE503CA3E839}.Release|x86.ActiveCfg = Release|Any CPU
		{60FF8B7A-1DB1-4F45-BD02-FE503CA3E839}.Release|x86.Build.0 = Release|Any CPU
		{19724A9D-56AD-4CEF-82B7-5CA4091390B5}.Debug|Any CPU.ActiveCfg = Debug|Any CPU
		{19724A9D-56AD-4CEF-82B7-5CA4091390B5}.Debug|Any CPU.Build.0 = Debug|Any CPU
		{19724A9D-56AD-4CEF-82B7-5CA4091390B5}.Debug|x64.ActiveCfg = Debug|Any CPU
		{19724A9D-56AD-4CEF-82B7-5CA4091390B5}.Debug|x64.Build.0 = Debug|Any CPU
		{19724A9D-56AD-4CEF-82B7-5CA4091390B5}.Debug|x86.ActiveCfg = Debug|Any CPU
		{19724A9D-56AD-4CEF-82B7-5CA4091390B5}.Debug|x86.Build.0 = Debug|Any CPU
		{19724A9D-56AD-4CEF-82B7-5CA4091390B5}.Release|Any CPU.ActiveCfg = Release|Any CPU
		{19724A9D-56AD-4CEF-82B7-5CA4091390B5}.Release|Any CPU.Build.0 = Release|Any CPU
		{19724A9D-56AD-4CEF-82B7-5CA4091390B5}.Release|x64.ActiveCfg = Release|Any CPU
		{19724A9D-56AD-4CEF-82B7-5CA4091390B5}.Release|x64.Build.0 = Release|Any CPU
		{19724A9D-56AD-4CEF-82B7-5CA4091390B5}.Release|x86.ActiveCfg = Release|Any CPU
		{19724A9D-56AD-4CEF-82B7-5CA4091390B5}.Release|x86.Build.0 = Release|Any CPU
	EndGlobalSection
EndGlobal
